
Microsoft Visual Studio Solution File, Format Version 12.00
# Visual Studio Version 17
VisualStudioVersion = 17.3.32929.385
MinimumVisualStudioVersion = 10.0.40219.1
Project("{FAE04EC0-301F-11D3-BF4B-00C04F79EFBC}") = "08. Cake", "08. Cake.csproj", "{B7C12C50-D875-4112-A6C8-B1984F6F830B}"
EndProject
Global
	GlobalSection(SolutionConfigurationPlatforms) = preSolution
		Debug|Any CPU = Debug|Any CPU
		Release|Any CPU = Release|Any CPU
	EndGlobalSection
	GlobalSection(ProjectConfigurationPlatforms) = postSolution
		{B7C12C50-D875-4112-A6C8-B1984F6F830B}.Debug|Any CPU.ActiveCfg = Debug|Any CPU
		{B7C12C50-D875-4112-A6C8-B1984F6F830B}.Debug|Any CPU.Build.0 = Debug|Any CPU
		{B7C12C50-D875-4112-A6C8-B1984F6F830B}.Release|Any CPU.ActiveCfg = Release|Any CPU
		{B7C12C50-D875-4112-A6C8-B1984F6F830B}.Release|Any CPU.Build.0 = Release|Any CPU
	EndGlobalSection
	GlobalSection(SolutionProperties) = preSolution
		HideSolutionNode = FALSE
	EndGlobalSection
	GlobalSection(ExtensibilityGlobals) = postSolution
		SolutionGuid = {250FE0A4-3EA6-4592-90A5-6CF8C25B6EAE}
	EndGlobalSection
EndGlobal
